// !$*UTF8*$!
{
	archiveVersion = 1;
	classes = {
	};
	objectVersion = 56;
	objects = {

/* Begin PBXBuildFile section */
		63DB13302AECF1460044274A /* AppDelegate.swift in Sources */ = {isa = PBXBuildFile; fileRef = 63DB132F2AECF1460044274A /* AppDelegate.swift */; };
		63DB13322AECF1460044274A /* SceneDelegate.swift in Sources */ = {isa = PBXBuildFile; fileRef = 63DB13312AECF1460044274A /* SceneDelegate.swift */; };
		63DB13342AECF1460044274A /* ViewController.swift in Sources */ = {isa = PBXBuildFile; fileRef = 63DB13332AECF1460044274A /* ViewController.swift */; };
		63DB13372AECF1460044274A /* Main.storyboard in Resources */ = {isa = PBXBuildFile; fileRef = 63DB13352AECF1460044274A /* Main.storyboard */; };
		63DB13392AECF1470044274A /* Assets.xcassets in Resources */ = {isa = PBXBuildFile; fileRef = 63DB13382AECF1470044274A /* Assets.xcassets */; };
		63DB133C2AECF1470044274A /* LaunchScreen.storyboard in Resources */ = {isa = PBXBuildFile; fileRef = 63DB133A2AECF1470044274A /* LaunchScreen.storyboard */; };
		63DB13472AECF1470044274A /* SampleUIKitTests.swift in Sources */ = {isa = PBXBuildFile; fileRef = 63DB13462AECF1470044274A /* SampleUIKitTests.swift */; };
		63DB13512AECF1470044274A /* SampleUIKitUITests.swift in Sources */ = {isa = PBXBuildFile; fileRef = 63DB13502AECF1470044274A /* SampleUIKitUITests.swift */; };
		63DB13532AECF1470044274A /* SampleUIKitUITestsLaunchTests.swift in Sources */ = {isa = PBXBuildFile; fileRef = 63DB13522AECF1470044274A /* SampleUIKitUITestsLaunchTests.swift */; };
/* End PBXBuildFile section */

/* Begin PBXContainerItemProxy section */
		63DB13432AECF1470044274A /* PBXContainerItemProxy */ = {
			isa = PBXContainerItemProxy;
			containerPortal = 63DB13242AECF1460044274A /* Project object */;
			proxyType = 1;
			remoteGlobalIDString = 63DB132B2AECF1460044274A;
			remoteInfo = SampleUIKit;
		};
		63DB134D2AECF1470044274A /* PBXContainerItemProxy */ = {
			isa = PBXContainerItemProxy;
			containerPortal = 63DB13242AECF1460044274A /* Project object */;
			proxyType = 1;
			remoteGlobalIDString = 63DB132B2AECF1460044274A;
			remoteInfo = SampleUIKit;
		};
/* End PBXContainerItemProxy section */

/* Begin PBXFileReference section */
		63DB132C2AECF1460044274A /* SampleUIKit.app */ = {isa = PBXFileReference; explicitFileType = wrapper.application; includeInIndex = 0; path = SampleUIKit.app; sourceTree = BUILT_PRODUCTS_DIR; };
		63DB132F2AECF1460044274A /* AppDelegate.swift */ = {isa = PBXFileReference; lastKnownFileType = sourcecode.swift; path = AppDelegate.swift; sourceTree = "<group>"; };
		63DB13312AECF1460044274A /* SceneDelegate.swift */ = {isa = PBXFileReference; lastKnownFileType = sourcecode.swift; path = SceneDelegate.swift; sourceTree = "<group>"; };
		63DB13332AECF1460044274A /* ViewController.swift */ = {isa = PBXFileReference; lastKnownFileType = sourcecode.swift; path = ViewController.swift; sourceTree = "<group>"; };
		63DB13362AECF1460044274A /* Base */ = {isa = PBXFileReference; lastKnownFileType = file.storyboard; name = Base; path = Base.lproj/Main.storyboard; sourceTree = "<group>"; };
		63DB13382AECF1470044274A /* Assets.xcassets */ = {isa = PBXFileReference; lastKnownFileType = folder.assetcatalog; path = Assets.xcassets; sourceTree = "<group>"; };
		63DB133B2AECF1470044274A /* Base */ = {isa = PBXFileReference; lastKnownFileType = file.storyboard; name = Base; path = Base.lproj/LaunchScreen.storyboard; sourceTree = "<group>"; };
		63DB133D2AECF1470044274A /* Info.plist */ = {isa = PBXFileReference; lastKnownFileType = text.plist.xml; path = Info.plist; sourceTree = "<group>"; };
		63DB13422AECF1470044274A /* SampleUIKitTests.xctest */ = {isa = PBXFileReference; explicitFileType = wrapper.cfbundle; includeInIndex = 0; path = SampleUIKitTests.xctest; sourceTree = BUILT_PRODUCTS_DIR; };
		63DB13462AECF1470044274A /* SampleUIKitTests.swift */ = {isa = PBXFileReference; lastKnownFileType = sourcecode.swift; path = SampleUIKitTests.swift; sourceTree = "<group>"; };
		63DB134C2AECF1470044274A /* SampleUIKitUITests.xctest */ = {isa = PBXFileReference; explicitFileType = wrapper.cfbundle; includeInIndex = 0; path = SampleUIKitUITests.xctest; sourceTree = BUILT_PRODUCTS_DIR; };
		63DB13502AECF1470044274A /* SampleUIKitUITests.swift */ = {isa = PBXFileReference; lastKnownFileType = sourcecode.swift; path = SampleUIKitUITests.swift; sourceTree = "<group>"; };
		63DB13522AECF1470044274A /* SampleUIKitUITestsLaunchTests.swift */ = {isa = PBXFileReference; lastKnownFileType = sourcecode.swift; path = SampleUIKitUITestsLaunchTests.swift; sourceTree = "<group>"; };
/* End PBXFileReference section */

/* Begin PBXFrameworksBuildPhase section */
		63DB13292AECF1460044274A /* Frameworks */ = {
			isa = PBXFrameworksBuildPhase;
			buildActionMask = 2147483647;
			files = (
			);
			runOnlyForDeploymentPostprocessing = 0;
		};
		63DB133F2AECF1470044274A /* Frameworks */ = {
			isa = PBXFrameworksBuildPhase;
			buildActionMask = 2147483647;
			files = (
			);
			runOnlyForDeploymentPostprocessing = 0;
		};
		63DB13492AECF1470044274A /* Frameworks */ = {
			isa = PBXFrameworksBuildPhase;
			buildActionMask = 2147483647;
			files = (
			);
			runOnlyForDeploymentPostprocessing = 0;
		};
/* End PBXFrameworksBuildPhase section */

/* Begin PBXGroup section */
		63DB13232AECF1460044274A = {
			isa = PBXGroup;
			children = (
				63DB132E2AECF1460044274A /* SampleUIKit */,
				63DB13452AECF1470044274A /* SampleUIKitTests */,
				63DB134F2AECF1470044274A /* SampleUIKitUITests */,
				63DB132D2AECF1460044274A /* Products */,
			);
			sourceTree = "<group>";
		};
		63DB132D2AECF1460044274A /* Products */ = {
			isa = PBXGroup;
			children = (
				63DB132C2AECF1460044274A /* SampleUIKit.app */,
				63DB13422AECF1470044274A /* SampleUIKitTests.xctest */,
				63DB134C2AECF1470044274A /* SampleUIKitUITests.xctest */,
			);
			name = Products;
			sourceTree = "<group>";
		};
		63DB132E2AECF1460044274A /* SampleUIKit */ = {
			isa = PBXGroup;
			children = (
				63DB132F2AECF1460044274A /* AppDelegate.swift */,
				63DB13312AECF1460044274A /* SceneDelegate.swift */,
				63DB13332AECF1460044274A /* ViewController.swift */,
				63DB13352AECF1460044274A /* Main.storyboard */,
				63DB135F2AECF37E0044274A /* Main.storyboard */,
				63DB13382AECF1470044274A /* Assets.xcassets */,
				63DB133A2AECF1470044274A /* LaunchScreen.storyboard */,
				63DB133D2AECF1470044274A /* Info.plist */,
			);
			path = SampleUIKit;
			sourceTree = "<group>";
		};
		63DB13452AECF1470044274A /* SampleUIKitTests */ = {
			isa = PBXGroup;
			children = (
				63DB13462AECF1470044274A /* SampleUIKitTests.swift */,
			);
			path = SampleUIKitTests;
			sourceTree = "<group>";
		};
		63DB134F2AECF1470044274A /* SampleUIKitUITests */ = {
			isa = PBXGroup;
			children = (
				63DB13502AECF1470044274A /* SampleUIKitUITests.swift */,
				63DB13522AECF1470044274A /* SampleUIKitUITestsLaunchTests.swift */,
			);
			path = SampleUIKitUITests;
			sourceTree = "<group>";
		};
/* End PBXGroup section */

/* Begin PBXNativeTarget section */
		63DB132B2AECF1460044274A /* SampleUIKit */ = {
			isa = PBXNativeTarget;
			buildConfigurationList = 63DB13562AECF1470044274A /* Build configuration list for PBXNativeTarget "SampleUIKit" */;
			buildPhases = (
				63DB13282AECF1460044274A /* Sources */,
				63DB13292AECF1460044274A /* Frameworks */,
				63DB132A2AECF1460044274A /* Resources */,
			);
			buildRules = (
			);
			dependencies = (
			);
			name = SampleUIKit;
			productName = SampleUIKit;
			productReference = 63DB132C2AECF1460044274A /* SampleUIKit.app */;
			productType = "com.apple.product-type.application";
		};
		63DB13412AECF1470044274A /* SampleUIKitTests */ = {
			isa = PBXNativeTarget;
			buildConfigurationList = 63DB13592AECF1470044274A /* Build configuration list for PBXNativeTarget "SampleUIKitTests" */;
			buildPhases = (
				63DB133E2AECF1470044274A /* Sources */,
				63DB133F2AECF1470044274A /* Frameworks */,
				63DB13402AECF1470044274A /* Resources */,
			);
			buildRules = (
			);
			dependencies = (
				63DB13442AECF1470044274A /* PBXTargetDependency */,
			);
			name = SampleUIKitTests;
			productName = SampleUIKitTests;
			productReference = 63DB13422AECF1470044274A /* SampleUIKitTests.xctest */;
			productType = "com.apple.product-type.bundle.unit-test";
		};
		63DB134B2AECF1470044274A /* SampleUIKitUITests */ = {
			isa = PBXNativeTarget;
			buildConfigurationList = 63DB135C2AECF1470044274A /* Build configuration list for PBXNativeTarget "SampleUIKitUITests" */;
			buildPhases = (
				63DB13482AECF1470044274A /* Sources */,
				63DB13492AECF1470044274A /* Frameworks */,
				63DB134A2AECF1470044274A /* Resources */,
			);
			buildRules = (
			);
			dependencies = (
				63DB134E2AECF1470044274A /* PBXTargetDependency */,
			);
			name = SampleUIKitUITests;
			productName = SampleUIKitUITests;
			productReference = 63DB134C2AECF1470044274A /* SampleUIKitUITests.xctest */;
			productType = "com.apple.product-type.bundle.ui-testing";
		};
/* End PBXNativeTarget section */

/* Begin PBXProject section */
		63DB13242AECF1460044274A /* Project object */ = {
			isa = PBXProject;
			attributes = {
				BuildIndependentTargetsInParallel = 1;
				LastSwiftUpdateCheck = 1500;
				LastUpgradeCheck = 1500;
				TargetAttributes = {
					63DB132B2AECF1460044274A = {
						CreatedOnToolsVersion = 15.0;
					};
					63DB13412AECF1470044274A = {
						CreatedOnToolsVersion = 15.0;
						TestTargetID = 63DB132B2AECF1460044274A;
					};
					63DB134B2AECF1470044274A = {
						CreatedOnToolsVersion = 15.0;
						TestTargetID = 63DB132B2AECF1460044274A;
					};
				};
			};
			buildConfigurationList = 63DB13272AECF1460044274A /* Build configuration list for PBXProject "SampleUIKit" */;
			compatibilityVersion = "Xcode 14.0";
			developmentRegion = en;
			hasScannedForEncodings = 0;
			knownRegions = (
				en,
				Base,
			);
			mainGroup = 63DB13232AECF1460044274A;
			productRefGroup = 63DB132D2AECF1460044274A /* Products */;
			projectDirPath = "";
			projectRoot = "";
			targets = (
				63DB132B2AECF1460044274A /* SampleUIKit */,
				63DB13412AECF1470044274A /* SampleUIKitTests */,
				63DB134B2AECF1470044274A /* SampleUIKitUITests */,
			);
		};
/* End PBXProject section */

/* Begin PBXResourcesBuildPhase section */
		63DB132A2AECF1460044274A /* Resources */ = {
			isa = PBXResourcesBuildPhase;
			buildActionMask = 2147483647;
			files = (
				63DB133C2AECF1470044274A /* LaunchScreen.storyboard in Resources */,
				63DB13392AECF1470044274A /* Assets.xcassets in Resources */,
				63DB13372AECF1460044274A /* Main.storyboard in Resources */,
			);
			runOnlyForDeploymentPostprocessing = 0;
		};
		63DB13402AECF1470044274A /* Resources */ = {
			isa = PBXResourcesBuildPhase;
			buildActionMask = 2147483647;
			files = (
			);
			runOnlyForDeploymentPostprocessing = 0;
		};
		63DB134A2AECF1470044274A /* Resources */ = {
			isa = PBXResourcesBuildPhase;
			buildActionMask = 2147483647;
			files = (
			);
			runOnlyForDeploymentPostprocessing = 0;
		};
/* End PBXResourcesBuildPhase section */

/* Begin PBXSourcesBuildPhase section */
		63DB13282AECF1460044274A /* Sources */ = {
			isa = PBXSourcesBuildPhase;
			buildActionMask = 2147483647;
			files = (
				63DB13342AECF1460044274A /* ViewController.swift in Sources */,
				63DB13302AECF1460044274A /* AppDelegate.swift in Sources */,
				63DB13322AECF1460044274A /* SceneDelegate.swift in Sources */,
			);
			runOnlyForDeploymentPostprocessing = 0;
		};
		63DB133E2AECF1470044274A /* Sources */ = {
			isa = PBXSourcesBuildPhase;
			buildActionMask = 2147483647;
			files = (
				63DB13472AECF1470044274A /* SampleUIKitTests.swift in Sources */,
			);
			runOnlyForDeploymentPostprocessing = 0;
		};
		63DB13482AECF1470044274A /* Sources */ = {
			isa = PBXSourcesBuildPhase;
			buildActionMask = 2147483647;
			files = (
				63DB13512AECF1470044274A /* SampleUIKitUITests.swift in Sources */,
				63DB13532AECF1470044274A /* SampleUIKitUITestsLaunchTests.swift in Sources */,
			);
			runOnlyForDeploymentPostprocessing = 0;
		};
/* End PBXSourcesBuildPhase section */

/* Begin PBXTargetDependency section */
		63DB13442AECF1470044274A /* PBXTargetDependency */ = {
			isa = PBXTargetDependency;
			target = 63DB132B2AECF1460044274A /* SampleUIKit */;
			targetProxy = 63DB13432AECF1470044274A /* PBXContainerItemProxy */;
		};
		63DB134E2AECF1470044274A /* PBXTargetDependency */ = {
			isa = PBXTargetDependency;
			target = 63DB132B2AECF1460044274A /* SampleUIKit */;
			targetProxy = 63DB134D2AECF1470044274A /* PBXContainerItemProxy */;
		};
/* End PBXTargetDependency section */

/* Begin PBXVariantGroup section */
		63DB13352AECF1460044274A /* Main.storyboard */ = {
			isa = PBXVariantGroup;
			children = (
				63DB13362AECF1460044274A /* Base */,
			);
			name = Main.storyboard;
			sourceTree = "<group>";
		};
		63DB133A2AECF1470044274A /* LaunchScreen.storyboard */ = {
			isa = PBXVariantGroup;
			children = (
				63DB133B2AECF1470044274A /* Base */,
			);
			name = LaunchScreen.storyboard;
			sourceTree = "<group>";
		};
		63DB135F2AECF37E0044274A /* Main.storyboard */ = {
			isa = PBXVariantGroup;
			children = (
			);
			name = Main.storyboard;
			sourceTree = "<group>";
		};
/* End PBXVariantGroup section */

/* Begin XCBuildConfiguration section */
		63DB13542AECF1470044274A /* Debug */ = {
			isa = XCBuildConfiguration;
			buildSettings = {
				ALWAYS_SEARCH_USER_PATHS = NO;
				ASSETCATALOG_COMPILER_GENERATE_SWIFT_ASSET_SYMBOL_EXTENSIONS = YES;
				CLANG_ANALYZER_NONNULL = YES;
				CLANG_ANALYZER_NUMBER_OBJECT_CONVERSION = YES_AGGRESSIVE;
				CLANG_CXX_LANGUAGE_STANDARD = "gnu++20";
				CLANG_ENABLE_MODULES = YES;
				CLANG_ENABLE_OBJC_ARC = YES;
				CLANG_ENABLE_OBJC_WEAK = YES;
				CLANG_WARN_BLOCK_CAPTURE_AUTORELEASING = YES;
				CLANG_WARN_BOOL_CONVERSION = YES;
				CLANG_WARN_COMMA = YES;
				CLANG_WARN_CONSTANT_CONVERSION = YES;
				CLANG_WARN_DEPRECATED_OBJC_IMPLEMENTATIONS = YES;
				CLANG_WARN_DIRECT_OBJC_ISA_USAGE = YES_ERROR;
				CLANG_WARN_DOCUMENTATION_COMMENTS = YES;
				CLANG_WARN_EMPTY_BODY = YES;
				CLANG_WARN_ENUM_CONVERSION = YES;
				CLANG_WARN_INFINITE_RECURSION = YES;
				CLANG_WARN_INT_CONVERSION = YES;
				CLANG_WARN_NON_LITERAL_NULL_CONVERSION = YES;
				CLANG_WARN_OBJC_IMPLICIT_RETAIN_SELF = YES;
				CLANG_WARN_OBJC_LITERAL_CONVERSION = YES;
				CLANG_WARN_OBJC_ROOT_CLASS = YES_ERROR;
				CLANG_WARN_QUOTED_INCLUDE_IN_FRAMEWORK_HEADER = YES;
				CLANG_WARN_RANGE_LOOP_ANALYSIS = YES;
				CLANG_WARN_STRICT_PROTOTYPES = YES;
				CLANG_WARN_SUSPICIOUS_MOVE = YES;
				CLANG_WARN_UNGUARDED_AVAILABILITY = YES_AGGRESSIVE;
				CLANG_WARN_UNREACHABLE_CODE = YES;
				CLANG_WARN__DUPLICATE_METHOD_MATCH = YES;
				COPY_PHASE_STRIP = NO;
				DEBUG_INFORMATION_FORMAT = dwarf;
				ENABLE_STRICT_OBJC_MSGSEND = YES;
				ENABLE_TESTABILITY = YES;
				ENABLE_USER_SCRIPT_SANDBOXING = YES;
				GCC_C_LANGUAGE_STANDARD = gnu17;
				GCC_DYNAMIC_NO_PIC = NO;
				GCC_NO_COMMON_BLOCKS = YES;
				GCC_OPTIMIZATION_LEVEL = 0;
				GCC_PREPROCESSOR_DEFINITIONS = (
					"DEBUG=1",
					"$(inherited)",
				);
				GCC_WARN_64_TO_32_BIT_CONVERSION = YES;
				GCC_WARN_ABOUT_RETURN_TYPE = YES_ERROR;
				GCC_WARN_UNDECLARED_SELECTOR = YES;
				GCC_WARN_UNINITIALIZED_AUTOS = YES_AGGRESSIVE;
				GCC_WARN_UNUSED_FUNCTION = YES;
				GCC_WARN_UNUSED_VARIABLE = YES;
				IPHONEOS_DEPLOYMENT_TARGET = 17.0;
				LOCALIZATION_PREFERS_STRING_CATALOGS = YES;
				MTL_ENABLE_DEBUG_INFO = INCLUDE_SOURCE;
				MTL_FAST_MATH = YES;
				ONLY_ACTIVE_ARCH = YES;
				SDKROOT = iphoneos;
				SWIFT_ACTIVE_COMPILATION_CONDITIONS = "DEBUG $(inherited)";
				SWIFT_OPTIMIZATION_LEVEL = "-Onone";
			};
			name = Debug;
		};
		63DB13552AECF1470044274A /* Release */ = {
			isa = XCBuildConfiguration;
			buildSettings = {
				ALWAYS_SEARCH_USER_PATHS = NO;
				ASSETCATALOG_COMPILER_GENERATE_SWIFT_ASSET_SYMBOL_EXTENSIONS = YES;
				CLANG_ANALYZER_NONNULL = YES;
				CLANG_ANALYZER_NUMBER_OBJECT_CONVERSION = YES_AGGRESSIVE;
				CLANG_CXX_LANGUAGE_STANDARD = "gnu++20";
				CLANG_ENABLE_MODULES = YES;
				CLANG_ENABLE_OBJC_ARC = YES;
				CLANG_ENABLE_OBJC_WEAK = YES;
				CLANG_WARN_BLOCK_CAPTURE_AUTORELEASING = YES;
				CLANG_WARN_BOOL_CONVERSION = YES;
				CLANG_WARN_COMMA = YES;
				CLANG_WARN_CONSTANT_CONVERSION = YES;
				CLANG_WARN_DEPRECATED_OBJC_IMPLEMENTATIONS = YES;
				CLANG_WARN_DIRECT_OBJC_ISA_USAGE = YES_ERROR;
				CLANG_WARN_DOCUMENTATION_COMMENTS = YES;
				CLANG_WARN_EMPTY_BODY = YES;
				CLANG_WARN_ENUM_CONVERSION = YES;
				CLANG_WARN_INFINITE_RECURSION = YES;
				CLANG_WARN_INT_CONVERSION = YES;
				CLANG_WARN_NON_LITERAL_NULL_CONVERSION = YES;
				CLANG_WARN_OBJC_IMPLICIT_RETAIN_SELF = YES;
				CLANG_WARN_OBJC_LITERAL_CONVERSION = YES;
				CLANG_WARN_OBJC_ROOT_CLASS = YES_ERROR;
				CLANG_WARN_QUOTED_INCLUDE_IN_FRAMEWORK_HEADER = YES;
				CLANG_WARN_RANGE_LOOP_ANALYSIS = YES;
				CLANG_WARN_STRICT_PROTOTYPES = YES;
				CLANG_WARN_SUSPICIOUS_MOVE = YES;
				CLANG_WARN_UNGUARDED_AVAILABILITY = YES_AGGRESSIVE;
				CLANG_WARN_UNREACHABLE_CODE = YES;
				CLANG_WARN__DUPLICATE_METHOD_MATCH = YES;
				COPY_PHASE_STRIP = NO;
				DEBUG_INFORMATION_FORMAT = "dwarf-with-dsym";
				ENABLE_NS_ASSERTIONS = NO;
				ENABLE_STRICT_OBJC_MSGSEND = YES;
				ENABLE_USER_SCRIPT_SANDBOXING = YES;
				GCC_C_LANGUAGE_STANDARD = gnu17;
				GCC_NO_COMMON_BLOCKS = YES;
				GCC_WARN_64_TO_32_BIT_CONVERSION = YES;
				GCC_WARN_ABOUT_RETURN_TYPE = YES_ERROR;
				GCC_WARN_UNDECLARED_SELECTOR = YES;
				GCC_WARN_UNINITIALIZED_AUTOS = YES_AGGRESSIVE;
				GCC_WARN_UNUSED_FUNCTION = YES;
				GCC_WARN_UNUSED_VARIABLE = YES;
				IPHONEOS_DEPLOYMENT_TARGET = 17.0;
				LOCALIZATION_PREFERS_STRING_CATALOGS = YES;
				MTL_ENABLE_DEBUG_INFO = NO;
				MTL_FAST_MATH = YES;
				SDKROOT = iphoneos;
				SWIFT_COMPILATION_MODE = wholemodule;
				VALIDATE_PRODUCT = YES;
			};
			name = Release;
		};
		63DB13572AECF1470044274A /* Debug */ = {
			isa = XCBuildConfiguration;
			buildSettings = {
				ASSETCATALOG_COMPILER_APPICON_NAME = AppIcon;
				ASSETCATALOG_COMPILER_GLOBAL_ACCENT_COLOR_NAME = AccentColor;
				CODE_SIGN_STYLE = Automatic;
				CURRENT_PROJECT_VERSION = 1;
				DEVELOPMENT_TEAM = ND6356Y385;
				GENERATE_INFOPLIST_FILE = YES;
				INFOPLIST_FILE = SampleUIKit/Info.plist;
				INFOPLIST_KEY_UIApplicationSupportsIndirectInputEvents = YES;
				INFOPLIST_KEY_UILaunchStoryboardName = LaunchScreen;
				INFOPLIST_KEY_UIMainStoryboardFile = Main;
				INFOPLIST_KEY_UISupportedInterfaceOrientations_iPad = "UIInterfaceOrientationPortrait UIInterfaceOrientationPortraitUpsideDown UIInterfaceOrientationLandscapeLeft UIInterfaceOrientationLandscapeRight";
				INFOPLIST_KEY_UISupportedInterfaceOrientations_iPhone = "UIInterfaceOrientationPortrait UIInterfaceOrientationLandscapeLeft UIInterfaceOrientationLandscapeRight";
				LD_RUNPATH_SEARCH_PATHS = (
					"$(inherited)",
					"@executable_path/Frameworks",
				);
				MARKETING_VERSION = 1.0;
				PRODUCT_BUNDLE_IDENTIFIER = com.cw.SampleUIKit;
				PRODUCT_NAME = "$(TARGET_NAME)";
				SWIFT_EMIT_LOC_STRINGS = YES;
				SWIFT_VERSION = 5.0;
				TARGETED_DEVICE_FAMILY = "1,2";
			};
			name = Debug;
		};
		63DB13582AECF1470044274A /* Release */ = {
			isa = XCBuildConfiguration;
			buildSettings = {
				ASSETCATALOG_COMPILER_APPICON_NAME = AppIcon;
				ASSETCATALOG_COMPILER_GLOBAL_ACCENT_COLOR_NAME = AccentColor;
				CODE_SIGN_STYLE = Automatic;
				CURRENT_PROJECT_VERSION = 1;
				DEVELOPMENT_TEAM = ND6356Y385;
				GENERATE_INFOPLIST_FILE = YES;
				INFOPLIST_FILE = SampleUIKit/Info.plist;
				INFOPLIST_KEY_UIApplicationSupportsIndirectInputEvents = YES;
				INFOPLIST_KEY_UILaunchStoryboardName = LaunchScreen;
				INFOPLIST_KEY_UIMainStoryboardFile = Main;
				INFOPLIST_KEY_UISupportedInterfaceOrientations_iPad = "UIInterfaceOrientationPortrait UIInterfaceOrientationPortraitUpsideDown UIInterfaceOrientationLandscapeLeft UIInterfaceOrientationLandscapeRight";
				INFOPLIST_KEY_UISupportedInterfaceOrientations_iPhone = "UIInterfaceOrientationPortrait UIInterfaceOrientationLandscapeLeft UIInterfaceOrientationLandscapeRight";
				LD_RUNPATH_SEARCH_PATHS = (
					"$(inherited)",
					"@executable_path/Frameworks",
				);
				MARKETING_VERSION = 1.0;
				PRODUCT_BUNDLE_IDENTIFIER = com.cw.SampleUIKit;
				PRODUCT_NAME = "$(TARGET_NAME)";
				SWIFT_EMIT_LOC_STRINGS = YES;
				SWIFT_VERSION = 5.0;
				TARGETED_DEVICE_FAMILY = "1,2";
			};
			name = Release;
		};
		63DB135A2AECF1470044274A /* Debug */ = {
			isa = XCBuildConfiguration;
			buildSettings = {
				ALWAYS_EMBED_SWIFT_STANDARD_LIBRARIES = YES;
				BUNDLE_LOADER = "$(TEST_HOST)";
				CODE_SIGN_STYLE = Automatic;
				CURRENT_PROJECT_VERSION = 1;
				DEVELOPMENT_TEAM = ND6356Y385;
				GENERATE_INFOPLIST_FILE = YES;
				IPHONEOS_DEPLOYMENT_TARGET = 17.0;
				MARKETING_VERSION = 1.0;
				PRODUCT_BUNDLE_IDENTIFIER = com.cw.SampleUIKitTests;
				PRODUCT_NAME = "$(TARGET_NAME)";
				SWIFT_EMIT_LOC_STRINGS = NO;
				SWIFT_VERSION = 5.0;
				TARGETED_DEVICE_FAMILY = "1,2";
				TEST_HOST = "$(BUILT_PRODUCTS_DIR)/SampleUIKit.app/$(BUNDLE_EXECUTABLE_FOLDER_PATH)/SampleUIKit";
			};
			name = Debug;
		};
		63DB135B2AECF1470044274A /* Release */ = {
			isa = XCBuildConfiguration;
			buildSettings = {
				ALWAYS_EMBED_SWIFT_STANDARD_LIBRARIES = YES;
				BUNDLE_LOADER = "$(TEST_HOST)";
				CODE_SIGN_STYLE = Automatic;
				CURRENT_PROJECT_VERSION = 1;
				DEVELOPMENT_TEAM = ND6356Y385;
				GENERATE_INFOPLIST_FILE = YES;
				IPHONEOS_DEPLOYMENT_TARGET = 17.0;
				MARKETING_VERSION = 1.0;
				PRODUCT_BUNDLE_IDENTIFIER = com.cw.SampleUIKitTests;
				PRODUCT_NAME = "$(TARGET_NAME)";
				SWIFT_EMIT_LOC_STRINGS = NO;
				SWIFT_VERSION = 5.0;
				TARGETED_DEVICE_FAMILY = "1,2";
				TEST_HOST = "$(BUILT_PRODUCTS_DIR)/SampleUIKit.app/$(BUNDLE_EXECUTABLE_FOLDER_PATH)/SampleUIKit";
			};
			name = Release;
		};
		63DB135D2AECF1470044274A /* Debug */ = {
			isa = XCBuildConfiguration;
			buildSettings = {
				ALWAYS_EMBED_SWIFT_STANDARD_LIBRARIES = YES;
				CODE_SIGN_STYLE = Automatic;
				CURRENT_PROJECT_VERSION = 1;
				DEVELOPMENT_TEAM = ND6356Y385;
				GENERATE_INFOPLIST_FILE = YES;
				MARKETING_VERSION = 1.0;
				PRODUCT_BUNDLE_IDENTIFIER = com.cw.SampleUIKitUITests;
				PRODUCT_NAME = "$(TARGET_NAME)";
				SWIFT_EMIT_LOC_STRINGS = NO;
				SWIFT_VERSION = 5.0;
				TARGETED_DEVICE_FAMILY = "1,2";
				TEST_TARGET_NAME = SampleUIKit;
			};
			name = Debug;
		};
		63DB135E2AECF1470044274A /* Release */ = {
			isa = XCBuildConfiguration;
			buildSettings = {
				ALWAYS_EMBED_SWIFT_STANDARD_LIBRARIES = YES;
				CODE_SIGN_STYLE = Automatic;
				CURRENT_PROJECT_VERSION = 1;
				DEVELOPMENT_TEAM = ND6356Y385;
				GENERATE_INFOPLIST_FILE = YES;
				MARKETING_VERSION = 1.0;
				PRODUCT_BUNDLE_IDENTIFIER = com.cw.SampleUIKitUITests;
				PRODUCT_NAME = "$(TARGET_NAME)";
				SWIFT_EMIT_LOC_STRINGS = NO;
				SWIFT_VERSION = 5.0;
				TARGETED_DEVICE_FAMILY = "1,2";
				TEST_TARGET_NAME = SampleUIKit;
			};
			name = Release;
		};
/* End XCBuildConfiguration section */

/* Begin XCConfigurationList section */
		63DB13272AECF1460044274A /* Build configuration list for PBXProject "SampleUIKit" */ = {
			isa = XCConfigurationList;
			buildConfigurations = (
				63DB13542AECF1470044274A /* Debug */,
				63DB13552AECF1470044274A /* Release */,
			);
			defaultConfigurationIsVisible = 0;
			defaultConfigurationName = Release;
		};
		63DB13562AECF1470044274A /* Build configuration list for PBXNativeTarget "SampleUIKit" */ = {
			isa = XCConfigurationList;
			buildConfigurations = (
				63DB13572AECF1470044274A /* Debug */,
				63DB13582AECF1470044274A /* Release */,
			);
			defaultConfigurationIsVisible = 0;
			defaultConfigurationName = Release;
		};
		63DB13592AECF1470044274A /* Build configuration list for PBXNativeTarget "SampleUIKitTests" */ = {
			isa = XCConfigurationList;
			buildConfigurations = (
				63DB135A2AECF1470044274A /* Debug */,
				63DB135B2AECF1470044274A /* Release */,
			);
			defaultConfigurationIsVisible = 0;
			defaultConfigurationName = Release;
		};
		63DB135C2AECF1470044274A /* Build configuration list for PBXNativeTarget "SampleUIKitUITests" */ = {
			isa = XCConfigurationList;
			buildConfigurations = (
				63DB135D2AECF1470044274A /* Debug */,
				63DB135E2AECF1470044274A /* Release */,
			);
			defaultConfigurationIsVisible = 0;
			defaultConfigurationName = Release;
		};
/* End XCConfigurationList section */
	};
	rootObject = 63DB13242AECF1460044274A /* Project object */;
}
